
Microsoft Visual Studio Solution File, Format Version 12.00
# Visual Studio Version 16
VisualStudioVersion = 16.0.31019.35
MinimumVisualStudioVersion = 10.0.40219.1
Project("{FAE04EC0-301F-11D3-BF4B-00C04F79EFBC}") = "OrderSystem", "OrderSystem\OrderSystem.csproj", "{3096B04F-5C06-4F72-AAA2-842E951D55DB}"
EndProject
Global
	GlobalSection(SolutionConfigurationPlatforms) = preSolution
		Debug|Any CPU = Debug|Any CPU
		Release|Any CPU = Release|Any CPU
	EndGlobalSection
	GlobalSection(ProjectConfigurationPlatforms) = postSolution
		{3096B04F-5C06-4F72-AAA2-842E951D55DB}.Debug|Any CPU.ActiveCfg = Debug|Any CPU
		{3096B04F-5C06-4F72-AAA2-842E951D55DB}.Debug|Any CPU.Build.0 = Debug|Any CPU
		{3096B04F-5C06-4F72-AAA2-842E951D55DB}.Release|Any CPU.ActiveCfg = Release|Any CPU
		{3096B04F-5C06-4F72-AAA2-842E951D55DB}.Release|Any CPU.Build.0 = Release|Any CPU
	EndGlobalSection
	GlobalSection(SolutionProperties) = preSolution
		HideSolutionNode = FALSE
	EndGlobalSection
	GlobalSection(ExtensibilityGlobals) = postSolution
		SolutionGuid = {ABB18890-E37B-467A-B7F1-44F38CB7312C}
	EndGlobalSection
EndGlobal
