
Microsoft Visual Studio Solution File, Format Version 12.00
# Visual Studio Version 16
VisualStudioVersion = 16.0.31019.35
MinimumVisualStudioVersion = 10.0.40219.1
Project("{FAE04EC0-301F-11D3-BF4B-00C04F79EFBC}") = "ToeplitzMatrix", "ToeplitzMatrix\ToeplitzMatrix.csproj", "{88419A57-185A-4989-8134-CAD9B9A2CAB7}"
EndProject
Global
	GlobalSection(SolutionConfigurationPlatforms) = preSolution
		Debug|Any CPU = Debug|Any CPU
		Release|Any CPU = Release|Any CPU
	EndGlobalSection
	GlobalSection(ProjectConfigurationPlatforms) = postSolution
		{88419A57-185A-4989-8134-CAD9B9A2CAB7}.Debug|Any CPU.ActiveCfg = Debug|Any CPU
		{88419A57-185A-4989-8134-CAD9B9A2CAB7}.Debug|Any CPU.Build.0 = Debug|Any CPU
		{88419A57-185A-4989-8134-CAD9B9A2CAB7}.Release|Any CPU.ActiveCfg = Release|Any CPU
		{88419A57-185A-4989-8134-CAD9B9A2CAB7}.Release|Any CPU.Build.0 = Release|Any CPU
	EndGlobalSection
	GlobalSection(SolutionProperties) = preSolution
		HideSolutionNode = FALSE
	EndGlobalSection
	GlobalSection(ExtensibilityGlobals) = postSolution
		SolutionGuid = {00729034-FA2B-468E-B7F7-8B33C8F0BAA2}
	EndGlobalSection
EndGlobal
